
Microsoft Visual Studio Solution File, Format Version 12.00
# Visual Studio Version 17
VisualStudioVersion = 17.14.36414.22
MinimumVisualStudioVersion = 10.0.40219.1
Project("{FAE04EC0-301F-11D3-BF4B-00C04F79EFBC}") = "Taskool", "CanvasApp\Taskool.csproj", "{E5FF7B45-5B8C-45D6-AB0D-36139F0265DC}"
EndProject
Global
	GlobalSection(SolutionConfigurationPlatforms) = preSolution
		Debug|Any CPU = Debug|Any CPU
		Release|Any CPU = Release|Any CPU
	EndGlobalSection
	GlobalSection(ProjectConfigurationPlatforms) = postSolution
		{E5FF7B45-5B8C-45D6-AB0D-36139F0265DC}.Debug|Any CPU.ActiveCfg = Debug|Any CPU
		{E5FF7B45-5B8C-45D6-AB0D-36139F0265DC}.Debug|Any CPU.Build.0 = Debug|Any CPU
		{E5FF7B45-5B8C-45D6-AB0D-36139F0265DC}.Release|Any CPU.ActiveCfg = Release|Any CPU
		{E5FF7B45-5B8C-45D6-AB0D-36139F0265DC}.Release|Any CPU.Build.0 = Release|Any CPU
	EndGlobalSection
	GlobalSection(SolutionProperties) = preSolution
		HideSolutionNode = FALSE
	EndGlobalSection
	GlobalSection(ExtensibilityGlobals) = postSolution
		SolutionGuid = {B5F5A356-0A84-4C98-9834-A869DF411CE6}
	EndGlobalSection
EndGlobal
